
Microsoft Visual Studio Solution File, Format Version 12.00
# Visual Studio Version 17
VisualStudioVersion = 17.13.35825.156 d17.13
MinimumVisualStudioVersion = 10.0.40219.1
Project("{FAE04EC0-301F-11D3-BF4B-00C04F79EFBC}") = "BlobQuickstart", "BlobQuickstart.csproj", "{2940A5A0-ECC2-458B-BFA3-52D5B12EF2E4}"
EndProject
Global
	GlobalSection(SolutionConfigurationPlatforms) = preSolution
		Debug|Any CPU = Debug|Any CPU
		Release|Any CPU = Release|Any CPU
	EndGlobalSection
	GlobalSection(ProjectConfigurationPlatforms) = postSolution
		{2940A5A0-ECC2-458B-BFA3-52D5B12EF2E4}.Debug|Any CPU.ActiveCfg = Debug|Any CPU
		{2940A5A0-ECC2-458B-BFA3-52D5B12EF2E4}.Debug|Any CPU.Build.0 = Debug|Any CPU
		{2940A5A0-ECC2-458B-BFA3-52D5B12EF2E4}.Release|Any CPU.ActiveCfg = Release|Any CPU
		{2940A5A0-ECC2-458B-BFA3-52D5B12EF2E4}.Release|Any CPU.Build.0 = Release|Any CPU
	EndGlobalSection
	GlobalSection(SolutionProperties) = preSolution
		HideSolutionNode = FALSE
	EndGlobalSection
	GlobalSection(ExtensibilityGlobals) = postSolution
		SolutionGuid = {AB317EC8-0DC6-45FC-9E9F-832C362155D7}
	EndGlobalSection
EndGlobal
